<Solution>
  <Folder Name="/Core/">
    <Project Path="Core/MovieApi.Domain/MovieApi.Domain.csproj" />
  </Folder>
  <Folder Name="/Frontends/" />
  <Folder Name="/Infrastructure/">
    <Project Path="Infrastructure/MovieApi.Persistence/MovieApi.Persistence.csproj" />
  </Folder>
  <Folder Name="/Presentation/">
    <Project Path="Presentation/MovieApi.WebAPI/MovieApi.WebAPI.csproj" />
  </Folder>
  <Folder Name="/Requirements/" />
</Solution>
